
Microsoft Visual Studio Solution File, Format Version 12.00
# Visual Studio Version 16
VisualStudioVersion = 16.0.30907.101
MinimumVisualStudioVersion = 10.0.40219.1
Project("{FAE04EC0-301F-11D3-BF4B-00C04F79EFBC}") = "Applied Activity 1", "Applied Activity 1.csproj", "{4E08634F-8874-45CE-9993-2F46AAF7A19D}"
EndProject
Global
	GlobalSection(SolutionConfigurationPlatforms) = preSolution
		Debug|Any CPU = Debug|Any CPU
		Release|Any CPU = Release|Any CPU
	EndGlobalSection
	GlobalSection(ProjectConfigurationPlatforms) = postSolution
		{4E08634F-8874-45CE-9993-2F46AAF7A19D}.Debug|Any CPU.ActiveCfg = Debug|Any CPU
		{4E08634F-8874-45CE-9993-2F46AAF7A19D}.Debug|Any CPU.Build.0 = Debug|Any CPU
		{4E08634F-8874-45CE-9993-2F46AAF7A19D}.Release|Any CPU.ActiveCfg = Release|Any CPU
		{4E08634F-8874-45CE-9993-2F46AAF7A19D}.Release|Any CPU.Build.0 = Release|Any CPU
	EndGlobalSection
	GlobalSection(SolutionProperties) = preSolution
		HideSolutionNode = FALSE
	EndGlobalSection
	GlobalSection(ExtensibilityGlobals) = postSolution
		SolutionGuid = {52642F8A-4360-4CED-B43C-F72202F11BD4}
	EndGlobalSection
EndGlobal
